
Microsoft Visual Studio Solution File, Format Version 12.00
# Visual Studio Version 17
VisualStudioVersion = 17.8.34316.72
MinimumVisualStudioVersion = 10.0.40219.1
Project("{FAE04EC0-301F-11D3-BF4B-00C04F79EFBC}") = "BibleotecaInteligenta", "BibleotecaInteligenta\BibleotecaInteligenta.csproj", "{CABECD16-F741-4F6A-89DA-D42D3E9CDD9A}"
EndProject
Global
	GlobalSection(SolutionConfigurationPlatforms) = preSolution
		Debug|Any CPU = Debug|Any CPU
		Release|Any CPU = Release|Any CPU
	EndGlobalSection
	GlobalSection(ProjectConfigurationPlatforms) = postSolution
		{CABECD16-F741-4F6A-89DA-D42D3E9CDD9A}.Debug|Any CPU.ActiveCfg = Debug|Any CPU
		{CABECD16-F741-4F6A-89DA-D42D3E9CDD9A}.Debug|Any CPU.Build.0 = Debug|Any CPU
		{CABECD16-F741-4F6A-89DA-D42D3E9CDD9A}.Release|Any CPU.ActiveCfg = Release|Any CPU
		{CABECD16-F741-4F6A-89DA-D42D3E9CDD9A}.Release|Any CPU.Build.0 = Release|Any CPU
	EndGlobalSection
	GlobalSection(SolutionProperties) = preSolution
		HideSolutionNode = FALSE
	EndGlobalSection
	GlobalSection(ExtensibilityGlobals) = postSolution
		SolutionGuid = {D37A16AC-AB48-4C16-9CA9-9A297409EFD9}
	EndGlobalSection
EndGlobal
